// !$*UTF8*$!
{
	archiveVersion = 1;
	classes = {
	};
	objectVersion = 46;
	objects = {

/* Begin PBXBuildFile section */
		996BC5B41E0E8C5E00C1DCB1 /* main.cpp in Sources */ = {isa = PBXBuildFile; fileRef = 996BC5B31E0E8C5E00C1DCB1 /* main.cpp */; };
		996BC5BC1E0E8C8300C1DCB1 /* Person.cpp in Sources */ = {isa = PBXBuildFile; fileRef = 996BC5BA1E0E8C8300C1DCB1 /* Person.cpp */; };
		996BC5BF1E0F300F00C1DCB1 /* Marriage.cpp in Sources */ = {isa = PBXBuildFile; fileRef = 996BC5BD1E0F300F00C1DCB1 /* Marriage.cpp */; };
/* End PBXBuildFile section */

/* Begin PBXCopyFilesBuildPhase section */
		996BC5AE1E0E8C5E00C1DCB1 /* CopyFiles */ = {
			isa = PBXCopyFilesBuildPhase;
			buildActionMask = 2147483647;
			dstPath = /usr/share/man/man1/;
			dstSubfolderSpec = 0;
			files = (
			);
			runOnlyForDeploymentPostprocessing = 1;
		};
/* End PBXCopyFilesBuildPhase section */

/* Begin PBXFileReference section */
		996BC5B01E0E8C5E00C1DCB1 /* Marriage */ = {isa = PBXFileReference; explicitFileType = "compiled.mach-o.executable"; includeInIndex = 0; path = Marriage; sourceTree = BUILT_PRODUCTS_DIR; };
		996BC5B31E0E8C5E00C1DCB1 /* main.cpp */ = {isa = PBXFileReference; lastKnownFileType = sourcecode.cpp.cpp; path = main.cpp; sourceTree = "<group>"; };
		996BC5BA1E0E8C8300C1DCB1 /* Person.cpp */ = {isa = PBXFileReference; fileEncoding = 4; lastKnownFileType = sourcecode.cpp.cpp; path = Person.cpp; sourceTree = "<group>"; };
		996BC5BB1E0E8C8300C1DCB1 /* Person.hpp */ = {isa = PBXFileReference; fileEncoding = 4; lastKnownFileType = sourcecode.cpp.h; path = Person.hpp; sourceTree = "<group>"; };
		996BC5BD1E0F300F00C1DCB1 /* Marriage.cpp */ = {isa = PBXFileReference; fileEncoding = 4; lastKnownFileType = sourcecode.cpp.cpp; path = Marriage.cpp; sourceTree = "<group>"; };
		996BC5BE1E0F300F00C1DCB1 /* Marriage.hpp */ = {isa = PBXFileReference; fileEncoding = 4; lastKnownFileType = sourcecode.cpp.h; path = Marriage.hpp; sourceTree = "<group>"; };
/* End PBXFileReference section */

/* Begin PBXFrameworksBuildPhase section */
		996BC5AD1E0E8C5E00C1DCB1 /* Frameworks */ = {
			isa = PBXFrameworksBuildPhase;
			buildActionMask = 2147483647;
			files = (
			);
			runOnlyForDeploymentPostprocessing = 0;
		};
/* End PBXFrameworksBuildPhase section */

/* Begin PBXGroup section */
		996BC5A71E0E8C5E00C1DCB1 = {
			isa = PBXGroup;
			children = (
				996BC5B21E0E8C5E00C1DCB1 /* Marriage */,
				996BC5B11E0E8C5E00C1DCB1 /* Products */,
			);
			sourceTree = "<group>";
		};
		996BC5B11E0E8C5E00C1DCB1 /* Products */ = {
			isa = PBXGroup;
			children = (
				996BC5B01E0E8C5E00C1DCB1 /* Marriage */,
			);
			name = Products;
			sourceTree = "<group>";
		};
		996BC5B21E0E8C5E00C1DCB1 /* Marriage */ = {
			isa = PBXGroup;
			children = (
				996BC5B31E0E8C5E00C1DCB1 /* main.cpp */,
				996BC5BB1E0E8C8300C1DCB1 /* Person.hpp */,
				996BC5BA1E0E8C8300C1DCB1 /* Person.cpp */,
				996BC5BE1E0F300F00C1DCB1 /* Marriage.hpp */,
				996BC5BD1E0F300F00C1DCB1 /* Marriage.cpp */,
			);
			path = Marriage;
			sourceTree = "<group>";
		};
/* End PBXGroup section */

/* Begin PBXNativeTarget section */
		996BC5AF1E0E8C5E00C1DCB1 /* Marriage */ = {
			isa = PBXNativeTarget;
			buildConfigurationList = 996BC5B71E0E8C5E00C1DCB1 /* Build configuration list for PBXNativeTarget "Marriage" */;
			buildPhases = (
				996BC5AC1E0E8C5E00C1DCB1 /* Sources */,
				996BC5AD1E0E8C5E00C1DCB1 /* Frameworks */,
				996BC5AE1E0E8C5E00C1DCB1 /* CopyFiles */,
			);
			buildRules = (
			);
			dependencies = (
			);
			name = Marriage;
			productName = Marriage;
			productReference = 996BC5B01E0E8C5E00C1DCB1 /* Marriage */;
			productType = "com.apple.product-type.tool";
		};
/* End PBXNativeTarget section */

/* Begin PBXProject section */
		996BC5A81E0E8C5E00C1DCB1 /* Project object */ = {
			isa = PBXProject;
			attributes = {
				LastUpgradeCheck = 0820;
				ORGANIZATIONNAME = "Joseph Lyons";
				TargetAttributes = {
					996BC5AF1E0E8C5E00C1DCB1 = {
						CreatedOnToolsVersion = 8.2;
						ProvisioningStyle = Automatic;
					};
				};
			};
			buildConfigurationList = 996BC5AB1E0E8C5E00C1DCB1 /* Build configuration list for PBXProject "Marriage" */;
			compatibilityVersion = "Xcode 3.2";
			developmentRegion = English;
			hasScannedForEncodings = 0;
			knownRegions = (
				en,
			);
			mainGroup = 996BC5A71E0E8C5E00C1DCB1;
			productRefGroup = 996BC5B11E0E8C5E00C1DCB1 /* Products */;
			projectDirPath = "";
			projectRoot = "";
			targets = (
				996BC5AF1E0E8C5E00C1DCB1 /* Marriage */,
			);
		};
/* End PBXProject section */

/* Begin PBXSourcesBuildPhase section */
		996BC5AC1E0E8C5E00C1DCB1 /* Sources */ = {
			isa = PBXSourcesBuildPhase;
			buildActionMask = 2147483647;
			files = (
				996BC5B41E0E8C5E00C1DCB1 /* main.cpp in Sources */,
				996BC5BF1E0F300F00C1DCB1 /* Marriage.cpp in Sources */,
				996BC5BC1E0E8C8300C1DCB1 /* Person.cpp in Sources */,
			);
			runOnlyForDeploymentPostprocessing = 0;
		};
/* End PBXSourcesBuildPhase section */

/* Begin XCBuildConfiguration section */
		996BC5B51E0E8C5E00C1DCB1 /* Debug */ = {
			isa = XCBuildConfiguration;
			buildSettings = {
				ALWAYS_SEARCH_USER_PATHS = NO;
				CLANG_ANALYZER_NONNULL = YES;
				CLANG_CXX_LANGUAGE_STANDARD = "gnu++0x";
				CLANG_CXX_LIBRARY = "libc++";
				CLANG_ENABLE_MODULES = YES;
				CLANG_ENABLE_OBJC_ARC = YES;
				CLANG_WARN_BOOL_CONVERSION = YES;
				CLANG_WARN_CONSTANT_CONVERSION = YES;
				CLANG_WARN_DIRECT_OBJC_ISA_USAGE = YES_ERROR;
				CLANG_WARN_DOCUMENTATION_COMMENTS = YES;
				CLANG_WARN_EMPTY_BODY = YES;
				CLANG_WARN_ENUM_CONVERSION = YES;
				CLANG_WARN_INFINITE_RECURSION = YES;
				CLANG_WARN_INT_CONVERSION = YES;
				CLANG_WARN_OBJC_ROOT_CLASS = YES_ERROR;
				CLANG_WARN_SUSPICIOUS_MOVE = YES;
				CLANG_WARN_UNREACHABLE_CODE = YES;
				CLANG_WARN__DUPLICATE_METHOD_MATCH = YES;
				CODE_SIGN_IDENTITY = "-";
				COPY_PHASE_STRIP = NO;
				DEBUG_INFORMATION_FORMAT = dwarf;
				ENABLE_STRICT_OBJC_MSGSEND = YES;
				ENABLE_TESTABILITY = YES;
				GCC_C_LANGUAGE_STANDARD = gnu99;
				GCC_DYNAMIC_NO_PIC = NO;
				GCC_NO_COMMON_BLOCKS = YES;
				GCC_OPTIMIZATION_LEVEL = 0;
				GCC_PREPROCESSOR_DEFINITIONS = (
					"DEBUG=1",
					"$(inherited)",
				);
				GCC_WARN_64_TO_32_BIT_CONVERSION = YES;
				GCC_WARN_ABOUT_RETURN_TYPE = YES_ERROR;
				GCC_WARN_UNDECLARED_SELECTOR = YES;
				GCC_WARN_UNINITIALIZED_AUTOS = YES_AGGRESSIVE;
				GCC_WARN_UNUSED_FUNCTION = YES;
				GCC_WARN_UNUSED_VARIABLE = YES;
				MACOSX_DEPLOYMENT_TARGET = 10.12;
				MTL_ENABLE_DEBUG_INFO = YES;
				ONLY_ACTIVE_ARCH = YES;
				SDKROOT = macosx;
			};
			name = Debug;
		};
		996BC5B61E0E8C5E00C1DCB1 /* Release */ = {
			isa = XCBuildConfiguration;
			buildSettings = {
				ALWAYS_SEARCH_USER_PATHS = NO;
				CLANG_ANALYZER_NONNULL = YES;
				CLANG_CXX_LANGUAGE_STANDARD = "gnu++0x";
				CLANG_CXX_LIBRARY = "libc++";
				CLANG_ENABLE_MODULES = YES;
				CLANG_ENABLE_OBJC_ARC = YES;
				CLANG_WARN_BOOL_CONVERSION = YES;
				CLANG_WARN_CONSTANT_CONVERSION = YES;
				CLANG_WARN_DIRECT_OBJC_ISA_USAGE = YES_ERROR;
				CLANG_WARN_DOCUMENTATION_COMMENTS = YES;
				CLANG_WARN_EMPTY_BODY = YES;
				CLANG_WARN_ENUM_CONVERSION = YES;
				CLANG_WARN_INFINITE_RECURSION = YES;
				CLANG_WARN_INT_CONVERSION = YES;
				CLANG_WARN_OBJC_ROOT_CLASS = YES_ERROR;
				CLANG_WARN_SUSPICIOUS_MOVE = YES;
				CLANG_WARN_UNREACHABLE_CODE = YES;
				CLANG_WARN__DUPLICATE_METHOD_MATCH = YES;
				CODE_SIGN_IDENTITY = "-";
				COPY_PHASE_STRIP = NO;
				DEBUG_INFORMATION_FORMAT = "dwarf-with-dsym";
				ENABLE_NS_ASSERTIONS = NO;
				ENABLE_STRICT_OBJC_MSGSEND = YES;
				GCC_C_LANGUAGE_STANDARD = gnu99;
				GCC_NO_COMMON_BLOCKS = YES;
				GCC_WARN_64_TO_32_BIT_CONVERSION = YES;
				GCC_WARN_ABOUT_RETURN_TYPE = YES_ERROR;
				GCC_WARN_UNDECLARED_SELECTOR = YES;
				GCC_WARN_UNINITIALIZED_AUTOS = YES_AGGRESSIVE;
				GCC_WARN_UNUSED_FUNCTION = YES;
				GCC_WARN_UNUSED_VARIABLE = YES;
				MACOSX_DEPLOYMENT_TARGET = 10.12;
				MTL_ENABLE_DEBUG_INFO = NO;
				SDKROOT = macosx;
			};
			name = Release;
		};
		996BC5B81E0E8C5E00C1DCB1 /* Debug */ = {
			isa = XCBuildConfiguration;
			buildSettings = {
				PRODUCT_NAME = "$(TARGET_NAME)";
			};
			name = Debug;
		};
		996BC5B91E0E8C5E00C1DCB1 /* Release */ = {
			isa = XCBuildConfiguration;
			buildSettings = {
				PRODUCT_NAME = "$(TARGET_NAME)";
			};
			name = Release;
		};
/* End XCBuildConfiguration section */

/* Begin XCConfigurationList section */
		996BC5AB1E0E8C5E00C1DCB1 /* Build configuration list for PBXProject "Marriage" */ = {
			isa = XCConfigurationList;
			buildConfigurations = (
				996BC5B51E0E8C5E00C1DCB1 /* Debug */,
				996BC5B61E0E8C5E00C1DCB1 /* Release */,
			);
			defaultConfigurationIsVisible = 0;
			defaultConfigurationName = Release;
		};
		996BC5B71E0E8C5E00C1DCB1 /* Build configuration list for PBXNativeTarget "Marriage" */ = {
			isa = XCConfigurationList;
			buildConfigurations = (
				996BC5B81E0E8C5E00C1DCB1 /* Debug */,
				996BC5B91E0E8C5E00C1DCB1 /* Release */,
			);
			defaultConfigurationIsVisible = 0;
		};
/* End XCConfigurationList section */
	};
	rootObject = 996BC5A81E0E8C5E00C1DCB1 /* Project object */;
}
